
Microsoft Visual Studio Solution File, Format Version 12.00
# Visual Studio 15
Project("{FAE04EC0-301F-11D3-BF4B-00C04F79EFBC}") = "StyleCopDemo.Android", "StyleCopDemo.Android\StyleCopDemo.Android.csproj", "{8E408FBE-91EA-41BB-A2DE-68474DF6FF23}"
EndProject
Project("{FAE04EC0-301F-11D3-BF4B-00C04F79EFBC}") = "StyleCopDemo.iOS", "StyleCopDemo.iOS\StyleCopDemo.iOS.csproj", "{232A1CB7-037B-4595-AA31-639777DF64B8}"
EndProject
Project("{FAE04EC0-301F-11D3-BF4B-00C04F79EFBC}") = "StyleCopDemo", "StyleCopDemo\StyleCopDemo.csproj", "{16FC15CB-6354-4179-9657-29365C122E06}"
EndProject
Global
	GlobalSection(SolutionConfigurationPlatforms) = preSolution
		Debug|Any CPU = Debug|Any CPU
		Release|Any CPU = Release|Any CPU
		Debug|iPhoneSimulator = Debug|iPhoneSimulator
		Release|iPhoneSimulator = Release|iPhoneSimulator
		Debug|iPhone = Debug|iPhone
		Release|iPhone = Release|iPhone
	EndGlobalSection
	GlobalSection(ProjectConfigurationPlatforms) = postSolution
		{8E408FBE-91EA-41BB-A2DE-68474DF6FF23}.Debug|Any CPU.ActiveCfg = Debug|Any CPU
		{8E408FBE-91EA-41BB-A2DE-68474DF6FF23}.Debug|Any CPU.Build.0 = Debug|Any CPU
		{8E408FBE-91EA-41BB-A2DE-68474DF6FF23}.Release|Any CPU.ActiveCfg = Release|Any CPU
		{8E408FBE-91EA-41BB-A2DE-68474DF6FF23}.Release|Any CPU.Build.0 = Release|Any CPU
		{8E408FBE-91EA-41BB-A2DE-68474DF6FF23}.Debug|iPhoneSimulator.ActiveCfg = Debug|Any CPU
		{8E408FBE-91EA-41BB-A2DE-68474DF6FF23}.Debug|iPhoneSimulator.Build.0 = Debug|Any CPU
		{8E408FBE-91EA-41BB-A2DE-68474DF6FF23}.Release|iPhoneSimulator.ActiveCfg = Release|Any CPU
		{8E408FBE-91EA-41BB-A2DE-68474DF6FF23}.Release|iPhoneSimulator.Build.0 = Release|Any CPU
		{8E408FBE-91EA-41BB-A2DE-68474DF6FF23}.Debug|iPhone.ActiveCfg = Debug|Any CPU
		{8E408FBE-91EA-41BB-A2DE-68474DF6FF23}.Debug|iPhone.Build.0 = Debug|Any CPU
		{8E408FBE-91EA-41BB-A2DE-68474DF6FF23}.Release|iPhone.ActiveCfg = Release|Any CPU
		{8E408FBE-91EA-41BB-A2DE-68474DF6FF23}.Release|iPhone.Build.0 = Release|Any CPU
		{232A1CB7-037B-4595-AA31-639777DF64B8}.Debug|Any CPU.ActiveCfg = Debug|iPhoneSimulator
		{232A1CB7-037B-4595-AA31-639777DF64B8}.Debug|Any CPU.Build.0 = Debug|iPhoneSimulator
		{232A1CB7-037B-4595-AA31-639777DF64B8}.Release|Any CPU.ActiveCfg = Release|iPhoneSimulator
		{232A1CB7-037B-4595-AA31-639777DF64B8}.Release|Any CPU.Build.0 = Release|iPhoneSimulator
		{232A1CB7-037B-4595-AA31-639777DF64B8}.Debug|iPhoneSimulator.ActiveCfg = Debug|iPhoneSimulator
		{232A1CB7-037B-4595-AA31-639777DF64B8}.Debug|iPhoneSimulator.Build.0 = Debug|iPhoneSimulator
		{232A1CB7-037B-4595-AA31-639777DF64B8}.Release|iPhoneSimulator.ActiveCfg = Release|iPhoneSimulator
		{232A1CB7-037B-4595-AA31-639777DF64B8}.Release|iPhoneSimulator.Build.0 = Release|iPhoneSimulator
		{232A1CB7-037B-4595-AA31-639777DF64B8}.Debug|iPhone.ActiveCfg = Debug|iPhone
		{232A1CB7-037B-4595-AA31-639777DF64B8}.Debug|iPhone.Build.0 = Debug|iPhone
		{232A1CB7-037B-4595-AA31-639777DF64B8}.Release|iPhone.ActiveCfg = Release|iPhone
		{232A1CB7-037B-4595-AA31-639777DF64B8}.Release|iPhone.Build.0 = Release|iPhone
		{16FC15CB-6354-4179-9657-29365C122E06}.Debug|Any CPU.ActiveCfg = Debug|Any CPU
		{16FC15CB-6354-4179-9657-29365C122E06}.Debug|Any CPU.Build.0 = Debug|Any CPU
		{16FC15CB-6354-4179-9657-29365C122E06}.Release|Any CPU.ActiveCfg = Release|Any CPU
		{16FC15CB-6354-4179-9657-29365C122E06}.Release|Any CPU.Build.0 = Release|Any CPU
		{16FC15CB-6354-4179-9657-29365C122E06}.Debug|iPhoneSimulator.ActiveCfg = Debug|Any CPU
		{16FC15CB-6354-4179-9657-29365C122E06}.Debug|iPhoneSimulator.Build.0 = Debug|Any CPU
		{16FC15CB-6354-4179-9657-29365C122E06}.Release|iPhoneSimulator.ActiveCfg = Release|Any CPU
		{16FC15CB-6354-4179-9657-29365C122E06}.Release|iPhoneSimulator.Build.0 = Release|Any CPU
		{16FC15CB-6354-4179-9657-29365C122E06}.Debug|iPhone.ActiveCfg = Debug|Any CPU
		{16FC15CB-6354-4179-9657-29365C122E06}.Debug|iPhone.Build.0 = Debug|Any CPU
		{16FC15CB-6354-4179-9657-29365C122E06}.Release|iPhone.ActiveCfg = Release|Any CPU
		{16FC15CB-6354-4179-9657-29365C122E06}.Release|iPhone.Build.0 = Release|Any CPU
	EndGlobalSection
EndGlobal
